
Microsoft Visual Studio Solution File, Format Version 12.00
Project("{FAE04EC0-301F-11D3-BF4B-00C04F79EFBC}") = "LinkApp", "LinkApp\LinkApp.csproj", "{23F80738-A187-4099-A96A-ACE29988785A}"
EndProject
Project("{FAE04EC0-301F-11D3-BF4B-00C04F79EFBC}") = "RazorLinks", "RazorLinks\RazorLinks.csproj", "{2BDF9C07-9BC6-4077-BDFA-BBEB8F86F301}"
EndProject
Project("{FAE04EC0-301F-11D3-BF4B-00C04F79EFBC}") = "MvcLinks", "MvcLinks\MvcLinks.csproj", "{38DFBC40-3F3A-450F-8F12-E18ABA9144D9}"
EndProject
Global
	GlobalSection(SolutionConfigurationPlatforms) = preSolution
		Debug|Any CPU = Debug|Any CPU
		Release|Any CPU = Release|Any CPU
	EndGlobalSection
	GlobalSection(ProjectConfigurationPlatforms) = postSolution
		{23F80738-A187-4099-A96A-ACE29988785A}.Debug|Any CPU.ActiveCfg = Debug|Any CPU
		{23F80738-A187-4099-A96A-ACE29988785A}.Debug|Any CPU.Build.0 = Debug|Any CPU
		{23F80738-A187-4099-A96A-ACE29988785A}.Release|Any CPU.ActiveCfg = Release|Any CPU
		{23F80738-A187-4099-A96A-ACE29988785A}.Release|Any CPU.Build.0 = Release|Any CPU
		{2BDF9C07-9BC6-4077-BDFA-BBEB8F86F301}.Debug|Any CPU.ActiveCfg = Debug|Any CPU
		{2BDF9C07-9BC6-4077-BDFA-BBEB8F86F301}.Debug|Any CPU.Build.0 = Debug|Any CPU
		{2BDF9C07-9BC6-4077-BDFA-BBEB8F86F301}.Release|Any CPU.ActiveCfg = Release|Any CPU
		{2BDF9C07-9BC6-4077-BDFA-BBEB8F86F301}.Release|Any CPU.Build.0 = Release|Any CPU
		{38DFBC40-3F3A-450F-8F12-E18ABA9144D9}.Debug|Any CPU.ActiveCfg = Debug|Any CPU
		{38DFBC40-3F3A-450F-8F12-E18ABA9144D9}.Debug|Any CPU.Build.0 = Debug|Any CPU
		{38DFBC40-3F3A-450F-8F12-E18ABA9144D9}.Release|Any CPU.ActiveCfg = Release|Any CPU
		{38DFBC40-3F3A-450F-8F12-E18ABA9144D9}.Release|Any CPU.Build.0 = Release|Any CPU
	EndGlobalSection
EndGlobal
